
Microsoft Visual Studio Solution File, Format Version 12.00
# Visual Studio Version 17
VisualStudioVersion = 17.2.32630.192
MinimumVisualStudioVersion = 10.0.40219.1
Project("{9A19103F-16F7-4668-BE54-9A1E7A4F7556}") = "R5T.W0005.Deploy", "R5T.W0005.Deploy\R5T.W0005.Deploy.csproj", "{E34625EC-CC73-44A5-8EF5-04FDC8A6A481}"
EndProject
Project("{2150E333-8FDC-42A3-9474-1A3956D46DE8}") = "_Dependencies", "_Dependencies", "{19E4F6D5-F655-4701-8ED2-C8D7F620B8C2}"
EndProject
Project("{9A19103F-16F7-4668-BE54-9A1E7A4F7556}") = "R5T.F0000", "..\..\R5T.F0000\source\R5T.F0000\R5T.F0000.csproj", "{0A96D313-5A7C-4460-B35A-DD63AA67506D}"
EndProject
Project("{9A19103F-16F7-4668-BE54-9A1E7A4F7556}") = "R5T.F0002", "..\..\R5T.F0002\source\R5T.F0002\R5T.F0002.csproj", "{A5D3C0CD-B2F3-469D-87DD-B120869719E5}"
EndProject
Project("{9A19103F-16F7-4668-BE54-9A1E7A4F7556}") = "R5T.F0016.F001", "..\..\R5T.F0016\source\R5T.F0016.F001\R5T.F0016.F001.csproj", "{89EAAA21-D1DC-444B-B9F3-CE6E45C2EA9D}"
EndProject
Project("{9A19103F-16F7-4668-BE54-9A1E7A4F7556}") = "R5T.F0016", "..\..\R5T.F0016\source\R5T.F0016\R5T.F0016.csproj", "{6A21E1F3-ED80-4F93-B44A-2AEE5085A481}"
EndProject
Project("{9A19103F-16F7-4668-BE54-9A1E7A4F7556}") = "R5T.F0020", "..\..\R5T.F0020\source\R5T.F0020\R5T.F0020.csproj", "{BDB288B1-261F-4A08-A924-10788A54245D}"
EndProject
Project("{9A19103F-16F7-4668-BE54-9A1E7A4F7556}") = "R5T.F0026", "..\..\R5T.F0026\source\R5T.F0026\R5T.F0026.csproj", "{57C4A9D8-B60E-44BF-8987-571DDE1DDD07}"
EndProject
Project("{9A19103F-16F7-4668-BE54-9A1E7A4F7556}") = "R5T.F0027", "..\..\R5T.F0027\source\R5T.F0027\R5T.F0027.csproj", "{9F5B6907-BDCD-4A58-9151-AEF4D85F4308}"
EndProject
Project("{9A19103F-16F7-4668-BE54-9A1E7A4F7556}") = "R5T.F0029", "..\..\R5T.F0029\source\R5T.F0029\R5T.F0029.csproj", "{6F799786-AD47-45F7-B82C-4ED27717E3EB}"
EndProject
Project("{9A19103F-16F7-4668-BE54-9A1E7A4F7556}") = "R5T.F0030", "..\..\R5T.F0030\source\R5T.F0030\R5T.F0030.csproj", "{6148AD56-F774-43BE-B084-3760034435B7}"
EndProject
Project("{9A19103F-16F7-4668-BE54-9A1E7A4F7556}") = "R5T.F0034", "..\..\R5T.F0034\source\R5T.F0034\R5T.F0034.csproj", "{AF0D69DD-A598-4944-8964-6616C04045AD}"
EndProject
Project("{9A19103F-16F7-4668-BE54-9A1E7A4F7556}") = "R5T.F0035.F001", "..\..\R5T.F0035\source\R5T.F0035.F001\R5T.F0035.F001.csproj", "{3AD60352-B3FB-4AF9-9E27-58B9D370BAF3}"
EndProject
Project("{9A19103F-16F7-4668-BE54-9A1E7A4F7556}") = "R5T.F0035", "..\..\R5T.F0035\source\R5T.F0035\R5T.F0035.csproj", "{51D5B77E-1082-4B5A-8D81-0DD7BA176510}"
EndProject
Project("{9A19103F-16F7-4668-BE54-9A1E7A4F7556}") = "R5T.F0040.F000", "..\..\R5T.F0040\source\R5T.F0040.F000\R5T.F0040.F000.csproj", "{50567E93-1220-46B7-9B20-44AE8988A6F5}"
EndProject
Project("{9A19103F-16F7-4668-BE54-9A1E7A4F7556}") = "R5T.F0052", "..\..\R5T.F0052\source\R5T.F0052\R5T.F0052.csproj", "{414BDF93-DBA9-4FAF-B682-3431BDFF2837}"
EndProject
Project("{9A19103F-16F7-4668-BE54-9A1E7A4F7556}") = "R5T.F0053", "..\..\R5T.F0053\source\R5T.F0053\R5T.F0053.csproj", "{8C4FE294-11EF-4A9D-98C7-379C295BA6FA}"
EndProject
Project("{9A19103F-16F7-4668-BE54-9A1E7A4F7556}") = "R5T.F0054", "..\..\R5T.F0054\source\R5T.F0054\R5T.F0054.csproj", "{D36BAFEB-FA1B-4EB6-BD5E-997BB5300F34}"
EndProject
Project("{9A19103F-16F7-4668-BE54-9A1E7A4F7556}") = "R5T.F0076", "..\..\R5T.F0076\source\R5T.F0076\R5T.F0076.csproj", "{FE4E1D4B-6A3A-4F38-83E7-08DE73960BF6}"
EndProject
Project("{9A19103F-16F7-4668-BE54-9A1E7A4F7556}") = "R5T.F0077", "..\..\R5T.F0077\source\R5T.F0077\R5T.F0077.csproj", "{AC814773-A190-4CFC-94A5-6BF56CA75F1D}"
EndProject
Project("{9A19103F-16F7-4668-BE54-9A1E7A4F7556}") = "R5T.F0096", "..\..\R5T.F0096\source\R5T.F0096\R5T.F0096.csproj", "{6549A469-45D9-497F-9E5B-EC99729FEAA2}"
EndProject
Project("{9A19103F-16F7-4668-BE54-9A1E7A4F7556}") = "R5T.L0015", "..\..\R5T.L0015\source\R5T.L0015\R5T.L0015.csproj", "{E8E70816-A696-4F5E-85BB-0E7A6B6CCF51}"
EndProject
Project("{9A19103F-16F7-4668-BE54-9A1E7A4F7556}") = "R5T.L0024", "..\..\R5T.L0024\source\R5T.L0024\R5T.L0024.csproj", "{8253ABE8-5B43-497B-80AC-CCE851AB529F}"
EndProject
Project("{9A19103F-16F7-4668-BE54-9A1E7A4F7556}") = "R5T.L0028", "..\..\R5T.L0028\source\R5T.L0028\R5T.L0028.csproj", "{6748CEF7-CDCB-4061-9D41-CA5CB8FFA37B}"
EndProject
Project("{9A19103F-16F7-4668-BE54-9A1E7A4F7556}") = "R5T.L0029", "..\..\R5T.L0029\source\R5T.L0029\R5T.L0029.csproj", "{89082FC6-6EED-4012-BF34-BD98F3C80BFF}"
EndProject
Project("{9A19103F-16F7-4668-BE54-9A1E7A4F7556}") = "R5T.NG0002", "..\..\R5T.NG0002\source\R5T.NG0002\R5T.NG0002.csproj", "{2D4D88D8-C8A6-4C9B-A666-DDD25A88D41E}"
EndProject
Project("{9A19103F-16F7-4668-BE54-9A1E7A4F7556}") = "R5T.NG0003", "..\..\R5T.NG0003\source\R5T.NG0003\R5T.NG0003.csproj", "{35C3A568-20F0-49B6-8521-CB42ED7C62C2}"
EndProject
Project("{9A19103F-16F7-4668-BE54-9A1E7A4F7556}") = "R5T.NG0006", "..\..\R5T.NG0006\source\R5T.NG0006\R5T.NG0006.csproj", "{45CA4B75-7FCB-4C4E-ABDF-7695488CD4FC}"
EndProject
Project("{9A19103F-16F7-4668-BE54-9A1E7A4F7556}") = "R5T.T0131", "..\..\R5T.T0131\source\R5T.T0131\R5T.T0131.csproj", "{9989EEA9-F304-4AFE-8A2A-4227FDFD48EF}"
EndProject
Project("{9A19103F-16F7-4668-BE54-9A1E7A4F7556}") = "R5T.T0132", "..\..\R5T.T0132\source\R5T.T0132\R5T.T0132.csproj", "{00C6F598-FB7F-4D8D-8623-9C24B0487184}"
EndProject
Project("{9A19103F-16F7-4668-BE54-9A1E7A4F7556}") = "R5T.T0142", "..\..\R5T.T0142\source\R5T.T0142\R5T.T0142.csproj", "{B5693495-ED56-416E-926C-DA93C7A3B37D}"
EndProject
Project("{9A19103F-16F7-4668-BE54-9A1E7A4F7556}") = "R5T.T0143", "..\..\R5T.T0143\source\R5T.T0143\R5T.T0143.csproj", "{D29141BE-21B8-4F43-B0A8-E251B7423A27}"
EndProject
Project("{9A19103F-16F7-4668-BE54-9A1E7A4F7556}") = "R5T.T0144", "..\..\R5T.T0144\source\R5T.T0144\R5T.T0144.csproj", "{AC9FDCDF-7071-4CD4-8C17-913D18CAF2AD}"
EndProject
Project("{9A19103F-16F7-4668-BE54-9A1E7A4F7556}") = "R5T.T0145", "..\..\R5T.T0145\source\R5T.T0145\R5T.T0145.csproj", "{15DD75A3-2830-4937-919D-90016D29B892}"
EndProject
Project("{9A19103F-16F7-4668-BE54-9A1E7A4F7556}") = "R5T.T0152", "..\..\R5T.T0152\source\R5T.T0152\R5T.T0152.csproj", "{C50705E1-0889-465A-9F47-1E1D3D601BE1}"
EndProject
Project("{9A19103F-16F7-4668-BE54-9A1E7A4F7556}") = "R5T.T0156", "..\..\R5T.T0156\source\R5T.T0156\R5T.T0156.csproj", "{775A9600-3FF1-4A91-A5F8-76807646629E}"
EndProject
Project("{9A19103F-16F7-4668-BE54-9A1E7A4F7556}") = "R5T.Y0000", "..\..\R5T.Y0000\source\R5T.Y0000\R5T.Y0000.csproj", "{95CB5AE2-D3F0-494E-8E94-2CB25C0A33D8}"
EndProject
Project("{9A19103F-16F7-4668-BE54-9A1E7A4F7556}") = "R5T.Z0000", "..\..\R5T.Z0000\source\R5T.Z0000\R5T.Z0000.csproj", "{D2C23E12-B8A4-44A2-AF3A-CE4049E64686}"
EndProject
Project("{9A19103F-16F7-4668-BE54-9A1E7A4F7556}") = "R5T.Z0011", "..\..\R5T.Z0011\source\R5T.Z0011\R5T.Z0011.csproj", "{0CD1A4E4-AC9C-4C11-BA16-774155EC59B0}"
EndProject
Project("{9A19103F-16F7-4668-BE54-9A1E7A4F7556}") = "R5T.Z0017", "..\..\R5T.Z0017.Private\source\R5T.Z0017\R5T.Z0017.csproj", "{DE4B8C79-0EEA-49C3-9F08-6D45FF7C8318}"
EndProject
Project("{9A19103F-16F7-4668-BE54-9A1E7A4F7556}") = "R5T.Z0024", "..\..\R5T.Z0024.Private\source\R5T.Z0024\R5T.Z0024.csproj", "{42697983-657A-4DB9-AB74-8A4A46D250C2}"
EndProject
Global
	GlobalSection(NestedProjects) = preSolution
		{0A96D313-5A7C-4460-B35A-DD63AA67506D} = {19E4F6D5-F655-4701-8ED2-C8D7F620B8C2}
		{A5D3C0CD-B2F3-469D-87DD-B120869719E5} = {19E4F6D5-F655-4701-8ED2-C8D7F620B8C2}
		{89EAAA21-D1DC-444B-B9F3-CE6E45C2EA9D} = {19E4F6D5-F655-4701-8ED2-C8D7F620B8C2}
		{6A21E1F3-ED80-4F93-B44A-2AEE5085A481} = {19E4F6D5-F655-4701-8ED2-C8D7F620B8C2}
		{BDB288B1-261F-4A08-A924-10788A54245D} = {19E4F6D5-F655-4701-8ED2-C8D7F620B8C2}
		{57C4A9D8-B60E-44BF-8987-571DDE1DDD07} = {19E4F6D5-F655-4701-8ED2-C8D7F620B8C2}
		{9F5B6907-BDCD-4A58-9151-AEF4D85F4308} = {19E4F6D5-F655-4701-8ED2-C8D7F620B8C2}
		{6F799786-AD47-45F7-B82C-4ED27717E3EB} = {19E4F6D5-F655-4701-8ED2-C8D7F620B8C2}
		{6148AD56-F774-43BE-B084-3760034435B7} = {19E4F6D5-F655-4701-8ED2-C8D7F620B8C2}
		{AF0D69DD-A598-4944-8964-6616C04045AD} = {19E4F6D5-F655-4701-8ED2-C8D7F620B8C2}
		{3AD60352-B3FB-4AF9-9E27-58B9D370BAF3} = {19E4F6D5-F655-4701-8ED2-C8D7F620B8C2}
		{51D5B77E-1082-4B5A-8D81-0DD7BA176510} = {19E4F6D5-F655-4701-8ED2-C8D7F620B8C2}
		{50567E93-1220-46B7-9B20-44AE8988A6F5} = {19E4F6D5-F655-4701-8ED2-C8D7F620B8C2}
		{414BDF93-DBA9-4FAF-B682-3431BDFF2837} = {19E4F6D5-F655-4701-8ED2-C8D7F620B8C2}
		{8C4FE294-11EF-4A9D-98C7-379C295BA6FA} = {19E4F6D5-F655-4701-8ED2-C8D7F620B8C2}
		{D36BAFEB-FA1B-4EB6-BD5E-997BB5300F34} = {19E4F6D5-F655-4701-8ED2-C8D7F620B8C2}
		{FE4E1D4B-6A3A-4F38-83E7-08DE73960BF6} = {19E4F6D5-F655-4701-8ED2-C8D7F620B8C2}
		{AC814773-A190-4CFC-94A5-6BF56CA75F1D} = {19E4F6D5-F655-4701-8ED2-C8D7F620B8C2}
		{6549A469-45D9-497F-9E5B-EC99729FEAA2} = {19E4F6D5-F655-4701-8ED2-C8D7F620B8C2}
		{E8E70816-A696-4F5E-85BB-0E7A6B6CCF51} = {19E4F6D5-F655-4701-8ED2-C8D7F620B8C2}
		{8253ABE8-5B43-497B-80AC-CCE851AB529F} = {19E4F6D5-F655-4701-8ED2-C8D7F620B8C2}
		{6748CEF7-CDCB-4061-9D41-CA5CB8FFA37B} = {19E4F6D5-F655-4701-8ED2-C8D7F620B8C2}
		{89082FC6-6EED-4012-BF34-BD98F3C80BFF} = {19E4F6D5-F655-4701-8ED2-C8D7F620B8C2}
		{2D4D88D8-C8A6-4C9B-A666-DDD25A88D41E} = {19E4F6D5-F655-4701-8ED2-C8D7F620B8C2}
		{35C3A568-20F0-49B6-8521-CB42ED7C62C2} = {19E4F6D5-F655-4701-8ED2-C8D7F620B8C2}
		{45CA4B75-7FCB-4C4E-ABDF-7695488CD4FC} = {19E4F6D5-F655-4701-8ED2-C8D7F620B8C2}
		{9989EEA9-F304-4AFE-8A2A-4227FDFD48EF} = {19E4F6D5-F655-4701-8ED2-C8D7F620B8C2}
		{00C6F598-FB7F-4D8D-8623-9C24B0487184} = {19E4F6D5-F655-4701-8ED2-C8D7F620B8C2}
		{B5693495-ED56-416E-926C-DA93C7A3B37D} = {19E4F6D5-F655-4701-8ED2-C8D7F620B8C2}
		{D29141BE-21B8-4F43-B0A8-E251B7423A27} = {19E4F6D5-F655-4701-8ED2-C8D7F620B8C2}
		{AC9FDCDF-7071-4CD4-8C17-913D18CAF2AD} = {19E4F6D5-F655-4701-8ED2-C8D7F620B8C2}
		{15DD75A3-2830-4937-919D-90016D29B892} = {19E4F6D5-F655-4701-8ED2-C8D7F620B8C2}
		{C50705E1-0889-465A-9F47-1E1D3D601BE1} = {19E4F6D5-F655-4701-8ED2-C8D7F620B8C2}
		{775A9600-3FF1-4A91-A5F8-76807646629E} = {19E4F6D5-F655-4701-8ED2-C8D7F620B8C2}
		{95CB5AE2-D3F0-494E-8E94-2CB25C0A33D8} = {19E4F6D5-F655-4701-8ED2-C8D7F620B8C2}
		{D2C23E12-B8A4-44A2-AF3A-CE4049E64686} = {19E4F6D5-F655-4701-8ED2-C8D7F620B8C2}
		{0CD1A4E4-AC9C-4C11-BA16-774155EC59B0} = {19E4F6D5-F655-4701-8ED2-C8D7F620B8C2}
		{DE4B8C79-0EEA-49C3-9F08-6D45FF7C8318} = {19E4F6D5-F655-4701-8ED2-C8D7F620B8C2}
		{42697983-657A-4DB9-AB74-8A4A46D250C2} = {19E4F6D5-F655-4701-8ED2-C8D7F620B8C2}
	EndGlobalSection
	GlobalSection(SolutionConfigurationPlatforms) = preSolution
		Debug|Any CPU = Debug|Any CPU
		Release|Any CPU = Release|Any CPU
	EndGlobalSection
	GlobalSection(ProjectConfigurationPlatforms) = postSolution
		{E34625EC-CC73-44A5-8EF5-04FDC8A6A481}.Debug|Any CPU.ActiveCfg = Debug|Any CPU
		{E34625EC-CC73-44A5-8EF5-04FDC8A6A481}.Debug|Any CPU.Build.0 = Debug|Any CPU
		{E34625EC-CC73-44A5-8EF5-04FDC8A6A481}.Release|Any CPU.ActiveCfg = Release|Any CPU
		{E34625EC-CC73-44A5-8EF5-04FDC8A6A481}.Release|Any CPU.Build.0 = Release|Any CPU
		{0A96D313-5A7C-4460-B35A-DD63AA67506D}.Debug|Any CPU.ActiveCfg = Debug|Any CPU
		{0A96D313-5A7C-4460-B35A-DD63AA67506D}.Debug|Any CPU.Build.0 = Debug|Any CPU
		{0A96D313-5A7C-4460-B35A-DD63AA67506D}.Release|Any CPU.ActiveCfg = Release|Any CPU
		{0A96D313-5A7C-4460-B35A-DD63AA67506D}.Release|Any CPU.Build.0 = Release|Any CPU
		{A5D3C0CD-B2F3-469D-87DD-B120869719E5}.Debug|Any CPU.ActiveCfg = Debug|Any CPU
		{A5D3C0CD-B2F3-469D-87DD-B120869719E5}.Debug|Any CPU.Build.0 = Debug|Any CPU
		{A5D3C0CD-B2F3-469D-87DD-B120869719E5}.Release|Any CPU.ActiveCfg = Release|Any CPU
		{A5D3C0CD-B2F3-469D-87DD-B120869719E5}.Release|Any CPU.Build.0 = Release|Any CPU
		{89EAAA21-D1DC-444B-B9F3-CE6E45C2EA9D}.Debug|Any CPU.ActiveCfg = Debug|Any CPU
		{89EAAA21-D1DC-444B-B9F3-CE6E45C2EA9D}.Debug|Any CPU.Build.0 = Debug|Any CPU
		{89EAAA21-D1DC-444B-B9F3-CE6E45C2EA9D}.Release|Any CPU.ActiveCfg = Release|Any CPU
		{89EAAA21-D1DC-444B-B9F3-CE6E45C2EA9D}.Release|Any CPU.Build.0 = Release|Any CPU
		{6A21E1F3-ED80-4F93-B44A-2AEE5085A481}.Debug|Any CPU.ActiveCfg = Debug|Any CPU
		{6A21E1F3-ED80-4F93-B44A-2AEE5085A481}.Debug|Any CPU.Build.0 = Debug|Any CPU
		{6A21E1F3-ED80-4F93-B44A-2AEE5085A481}.Release|Any CPU.ActiveCfg = Release|Any CPU
		{6A21E1F3-ED80-4F93-B44A-2AEE5085A481}.Release|Any CPU.Build.0 = Release|Any CPU
		{BDB288B1-261F-4A08-A924-10788A54245D}.Debug|Any CPU.ActiveCfg = Debug|Any CPU
		{BDB288B1-261F-4A08-A924-10788A54245D}.Debug|Any CPU.Build.0 = Debug|Any CPU
		{BDB288B1-261F-4A08-A924-10788A54245D}.Release|Any CPU.ActiveCfg = Release|Any CPU
		{BDB288B1-261F-4A08-A924-10788A54245D}.Release|Any CPU.Build.0 = Release|Any CPU
		{57C4A9D8-B60E-44BF-8987-571DDE1DDD07}.Debug|Any CPU.ActiveCfg = Debug|Any CPU
		{57C4A9D8-B60E-44BF-8987-571DDE1DDD07}.Debug|Any CPU.Build.0 = Debug|Any CPU
		{57C4A9D8-B60E-44BF-8987-571DDE1DDD07}.Release|Any CPU.ActiveCfg = Release|Any CPU
		{57C4A9D8-B60E-44BF-8987-571DDE1DDD07}.Release|Any CPU.Build.0 = Release|Any CPU
		{9F5B6907-BDCD-4A58-9151-AEF4D85F4308}.Debug|Any CPU.ActiveCfg = Debug|Any CPU
		{9F5B6907-BDCD-4A58-9151-AEF4D85F4308}.Debug|Any CPU.Build.0 = Debug|Any CPU
		{9F5B6907-BDCD-4A58-9151-AEF4D85F4308}.Release|Any CPU.ActiveCfg = Release|Any CPU
		{9F5B6907-BDCD-4A58-9151-AEF4D85F4308}.Release|Any CPU.Build.0 = Release|Any CPU
		{6F799786-AD47-45F7-B82C-4ED27717E3EB}.Debug|Any CPU.ActiveCfg = Debug|Any CPU
		{6F799786-AD47-45F7-B82C-4ED27717E3EB}.Debug|Any CPU.Build.0 = Debug|Any CPU
		{6F799786-AD47-45F7-B82C-4ED27717E3EB}.Release|Any CPU.ActiveCfg = Release|Any CPU
		{6F799786-AD47-45F7-B82C-4ED27717E3EB}.Release|Any CPU.Build.0 = Release|Any CPU
		{6148AD56-F774-43BE-B084-3760034435B7}.Debug|Any CPU.ActiveCfg = Debug|Any CPU
		{6148AD56-F774-43BE-B084-3760034435B7}.Debug|Any CPU.Build.0 = Debug|Any CPU
		{6148AD56-F774-43BE-B084-3760034435B7}.Release|Any CPU.ActiveCfg = Release|Any CPU
		{6148AD56-F774-43BE-B084-3760034435B7}.Release|Any CPU.Build.0 = Release|Any CPU
		{AF0D69DD-A598-4944-8964-6616C04045AD}.Debug|Any CPU.ActiveCfg = Debug|Any CPU
		{AF0D69DD-A598-4944-8964-6616C04045AD}.Debug|Any CPU.Build.0 = Debug|Any CPU
		{AF0D69DD-A598-4944-8964-6616C04045AD}.Release|Any CPU.ActiveCfg = Release|Any CPU
		{AF0D69DD-A598-4944-8964-6616C04045AD}.Release|Any CPU.Build.0 = Release|Any CPU
		{3AD60352-B3FB-4AF9-9E27-58B9D370BAF3}.Debug|Any CPU.ActiveCfg = Debug|Any CPU
		{3AD60352-B3FB-4AF9-9E27-58B9D370BAF3}.Debug|Any CPU.Build.0 = Debug|Any CPU
		{3AD60352-B3FB-4AF9-9E27-58B9D370BAF3}.Release|Any CPU.ActiveCfg = Release|Any CPU
		{3AD60352-B3FB-4AF9-9E27-58B9D370BAF3}.Release|Any CPU.Build.0 = Release|Any CPU
		{51D5B77E-1082-4B5A-8D81-0DD7BA176510}.Debug|Any CPU.ActiveCfg = Debug|Any CPU
		{51D5B77E-1082-4B5A-8D81-0DD7BA176510}.Debug|Any CPU.Build.0 = Debug|Any CPU
		{51D5B77E-1082-4B5A-8D81-0DD7BA176510}.Release|Any CPU.ActiveCfg = Release|Any CPU
		{51D5B77E-1082-4B5A-8D81-0DD7BA176510}.Release|Any CPU.Build.0 = Release|Any CPU
		{50567E93-1220-46B7-9B20-44AE8988A6F5}.Debug|Any CPU.ActiveCfg = Debug|Any CPU
		{50567E93-1220-46B7-9B20-44AE8988A6F5}.Debug|Any CPU.Build.0 = Debug|Any CPU
		{50567E93-1220-46B7-9B20-44AE8988A6F5}.Release|Any CPU.ActiveCfg = Release|Any CPU
		{50567E93-1220-46B7-9B20-44AE8988A6F5}.Release|Any CPU.Build.0 = Release|Any CPU
		{414BDF93-DBA9-4FAF-B682-3431BDFF2837}.Debug|Any CPU.ActiveCfg = Debug|Any CPU
		{414BDF93-DBA9-4FAF-B682-3431BDFF2837}.Debug|Any CPU.Build.0 = Debug|Any CPU
		{414BDF93-DBA9-4FAF-B682-3431BDFF2837}.Release|Any CPU.ActiveCfg = Release|Any CPU
		{414BDF93-DBA9-4FAF-B682-3431BDFF2837}.Release|Any CPU.Build.0 = Release|Any CPU
		{8C4FE294-11EF-4A9D-98C7-379C295BA6FA}.Debug|Any CPU.ActiveCfg = Debug|Any CPU
		{8C4FE294-11EF-4A9D-98C7-379C295BA6FA}.Debug|Any CPU.Build.0 = Debug|Any CPU
		{8C4FE294-11EF-4A9D-98C7-379C295BA6FA}.Release|Any CPU.ActiveCfg = Release|Any CPU
		{8C4FE294-11EF-4A9D-98C7-379C295BA6FA}.Release|Any CPU.Build.0 = Release|Any CPU
		{D36BAFEB-FA1B-4EB6-BD5E-997BB5300F34}.Debug|Any CPU.ActiveCfg = Debug|Any CPU
		{D36BAFEB-FA1B-4EB6-BD5E-997BB5300F34}.Debug|Any CPU.Build.0 = Debug|Any CPU
		{D36BAFEB-FA1B-4EB6-BD5E-997BB5300F34}.Release|Any CPU.ActiveCfg = Release|Any CPU
		{D36BAFEB-FA1B-4EB6-BD5E-997BB5300F34}.Release|Any CPU.Build.0 = Release|Any CPU
		{FE4E1D4B-6A3A-4F38-83E7-08DE73960BF6}.Debug|Any CPU.ActiveCfg = Debug|Any CPU
		{FE4E1D4B-6A3A-4F38-83E7-08DE73960BF6}.Debug|Any CPU.Build.0 = Debug|Any CPU
		{FE4E1D4B-6A3A-4F38-83E7-08DE73960BF6}.Release|Any CPU.ActiveCfg = Release|Any CPU
		{FE4E1D4B-6A3A-4F38-83E7-08DE73960BF6}.Release|Any CPU.Build.0 = Release|Any CPU
		{AC814773-A190-4CFC-94A5-6BF56CA75F1D}.Debug|Any CPU.ActiveCfg = Debug|Any CPU
		{AC814773-A190-4CFC-94A5-6BF56CA75F1D}.Debug|Any CPU.Build.0 = Debug|Any CPU
		{AC814773-A190-4CFC-94A5-6BF56CA75F1D}.Release|Any CPU.ActiveCfg = Release|Any CPU
		{AC814773-A190-4CFC-94A5-6BF56CA75F1D}.Release|Any CPU.Build.0 = Release|Any CPU
		{6549A469-45D9-497F-9E5B-EC99729FEAA2}.Debug|Any CPU.ActiveCfg = Debug|Any CPU
		{6549A469-45D9-497F-9E5B-EC99729FEAA2}.Debug|Any CPU.Build.0 = Debug|Any CPU
		{6549A469-45D9-497F-9E5B-EC99729FEAA2}.Release|Any CPU.ActiveCfg = Release|Any CPU
		{6549A469-45D9-497F-9E5B-EC99729FEAA2}.Release|Any CPU.Build.0 = Release|Any CPU
		{E8E70816-A696-4F5E-85BB-0E7A6B6CCF51}.Debug|Any CPU.ActiveCfg = Debug|Any CPU
		{E8E70816-A696-4F5E-85BB-0E7A6B6CCF51}.Debug|Any CPU.Build.0 = Debug|Any CPU
		{E8E70816-A696-4F5E-85BB-0E7A6B6CCF51}.Release|Any CPU.ActiveCfg = Release|Any CPU
		{E8E70816-A696-4F5E-85BB-0E7A6B6CCF51}.Release|Any CPU.Build.0 = Release|Any CPU
		{8253ABE8-5B43-497B-80AC-CCE851AB529F}.Debug|Any CPU.ActiveCfg = Debug|Any CPU
		{8253ABE8-5B43-497B-80AC-CCE851AB529F}.Debug|Any CPU.Build.0 = Debug|Any CPU
		{8253ABE8-5B43-497B-80AC-CCE851AB529F}.Release|Any CPU.ActiveCfg = Release|Any CPU
		{8253ABE8-5B43-497B-80AC-CCE851AB529F}.Release|Any CPU.Build.0 = Release|Any CPU
		{6748CEF7-CDCB-4061-9D41-CA5CB8FFA37B}.Debug|Any CPU.ActiveCfg = Debug|Any CPU
		{6748CEF7-CDCB-4061-9D41-CA5CB8FFA37B}.Debug|Any CPU.Build.0 = Debug|Any CPU
		{6748CEF7-CDCB-4061-9D41-CA5CB8FFA37B}.Release|Any CPU.ActiveCfg = Release|Any CPU
		{6748CEF7-CDCB-4061-9D41-CA5CB8FFA37B}.Release|Any CPU.Build.0 = Release|Any CPU
		{89082FC6-6EED-4012-BF34-BD98F3C80BFF}.Debug|Any CPU.ActiveCfg = Debug|Any CPU
		{89082FC6-6EED-4012-BF34-BD98F3C80BFF}.Debug|Any CPU.Build.0 = Debug|Any CPU
		{89082FC6-6EED-4012-BF34-BD98F3C80BFF}.Release|Any CPU.ActiveCfg = Release|Any CPU
		{89082FC6-6EED-4012-BF34-BD98F3C80BFF}.Release|Any CPU.Build.0 = Release|Any CPU
		{2D4D88D8-C8A6-4C9B-A666-DDD25A88D41E}.Debug|Any CPU.ActiveCfg = Debug|Any CPU
		{2D4D88D8-C8A6-4C9B-A666-DDD25A88D41E}.Debug|Any CPU.Build.0 = Debug|Any CPU
		{2D4D88D8-C8A6-4C9B-A666-DDD25A88D41E}.Release|Any CPU.ActiveCfg = Release|Any CPU
		{2D4D88D8-C8A6-4C9B-A666-DDD25A88D41E}.Release|Any CPU.Build.0 = Release|Any CPU
		{35C3A568-20F0-49B6-8521-CB42ED7C62C2}.Debug|Any CPU.ActiveCfg = Debug|Any CPU
		{35C3A568-20F0-49B6-8521-CB42ED7C62C2}.Debug|Any CPU.Build.0 = Debug|Any CPU
		{35C3A568-20F0-49B6-8521-CB42ED7C62C2}.Release|Any CPU.ActiveCfg = Release|Any CPU
		{35C3A568-20F0-49B6-8521-CB42ED7C62C2}.Release|Any CPU.Build.0 = Release|Any CPU
		{45CA4B75-7FCB-4C4E-ABDF-7695488CD4FC}.Debug|Any CPU.ActiveCfg = Debug|Any CPU
		{45CA4B75-7FCB-4C4E-ABDF-7695488CD4FC}.Debug|Any CPU.Build.0 = Debug|Any CPU
		{45CA4B75-7FCB-4C4E-ABDF-7695488CD4FC}.Release|Any CPU.ActiveCfg = Release|Any CPU
		{45CA4B75-7FCB-4C4E-ABDF-7695488CD4FC}.Release|Any CPU.Build.0 = Release|Any CPU
		{9989EEA9-F304-4AFE-8A2A-4227FDFD48EF}.Debug|Any CPU.ActiveCfg = Debug|Any CPU
		{9989EEA9-F304-4AFE-8A2A-4227FDFD48EF}.Debug|Any CPU.Build.0 = Debug|Any CPU
		{9989EEA9-F304-4AFE-8A2A-4227FDFD48EF}.Release|Any CPU.ActiveCfg = Release|Any CPU
		{9989EEA9-F304-4AFE-8A2A-4227FDFD48EF}.Release|Any CPU.Build.0 = Release|Any CPU
		{00C6F598-FB7F-4D8D-8623-9C24B0487184}.Debug|Any CPU.ActiveCfg = Debug|Any CPU
		{00C6F598-FB7F-4D8D-8623-9C24B0487184}.Debug|Any CPU.Build.0 = Debug|Any CPU
		{00C6F598-FB7F-4D8D-8623-9C24B0487184}.Release|Any CPU.ActiveCfg = Release|Any CPU
		{00C6F598-FB7F-4D8D-8623-9C24B0487184}.Release|Any CPU.Build.0 = Release|Any CPU
		{B5693495-ED56-416E-926C-DA93C7A3B37D}.Debug|Any CPU.ActiveCfg = Debug|Any CPU
		{B5693495-ED56-416E-926C-DA93C7A3B37D}.Debug|Any CPU.Build.0 = Debug|Any CPU
		{B5693495-ED56-416E-926C-DA93C7A3B37D}.Release|Any CPU.ActiveCfg = Release|Any CPU
		{B5693495-ED56-416E-926C-DA93C7A3B37D}.Release|Any CPU.Build.0 = Release|Any CPU
		{D29141BE-21B8-4F43-B0A8-E251B7423A27}.Debug|Any CPU.ActiveCfg = Debug|Any CPU
		{D29141BE-21B8-4F43-B0A8-E251B7423A27}.Debug|Any CPU.Build.0 = Debug|Any CPU
		{D29141BE-21B8-4F43-B0A8-E251B7423A27}.Release|Any CPU.ActiveCfg = Release|Any CPU
		{D29141BE-21B8-4F43-B0A8-E251B7423A27}.Release|Any CPU.Build.0 = Release|Any CPU
		{AC9FDCDF-7071-4CD4-8C17-913D18CAF2AD}.Debug|Any CPU.ActiveCfg = Debug|Any CPU
		{AC9FDCDF-7071-4CD4-8C17-913D18CAF2AD}.Debug|Any CPU.Build.0 = Debug|Any CPU
		{AC9FDCDF-7071-4CD4-8C17-913D18CAF2AD}.Release|Any CPU.ActiveCfg = Release|Any CPU
		{AC9FDCDF-7071-4CD4-8C17-913D18CAF2AD}.Release|Any CPU.Build.0 = Release|Any CPU
		{15DD75A3-2830-4937-919D-90016D29B892}.Debug|Any CPU.ActiveCfg = Debug|Any CPU
		{15DD75A3-2830-4937-919D-90016D29B892}.Debug|Any CPU.Build.0 = Debug|Any CPU
		{15DD75A3-2830-4937-919D-90016D29B892}.Release|Any CPU.ActiveCfg = Release|Any CPU
		{15DD75A3-2830-4937-919D-90016D29B892}.Release|Any CPU.Build.0 = Release|Any CPU
		{C50705E1-0889-465A-9F47-1E1D3D601BE1}.Debug|Any CPU.ActiveCfg = Debug|Any CPU
		{C50705E1-0889-465A-9F47-1E1D3D601BE1}.Debug|Any CPU.Build.0 = Debug|Any CPU
		{C50705E1-0889-465A-9F47-1E1D3D601BE1}.Release|Any CPU.ActiveCfg = Release|Any CPU
		{C50705E1-0889-465A-9F47-1E1D3D601BE1}.Release|Any CPU.Build.0 = Release|Any CPU
		{775A9600-3FF1-4A91-A5F8-76807646629E}.Debug|Any CPU.ActiveCfg = Debug|Any CPU
		{775A9600-3FF1-4A91-A5F8-76807646629E}.Debug|Any CPU.Build.0 = Debug|Any CPU
		{775A9600-3FF1-4A91-A5F8-76807646629E}.Release|Any CPU.ActiveCfg = Release|Any CPU
		{775A9600-3FF1-4A91-A5F8-76807646629E}.Release|Any CPU.Build.0 = Release|Any CPU
		{95CB5AE2-D3F0-494E-8E94-2CB25C0A33D8}.Debug|Any CPU.ActiveCfg = Debug|Any CPU
		{95CB5AE2-D3F0-494E-8E94-2CB25C0A33D8}.Debug|Any CPU.Build.0 = Debug|Any CPU
		{95CB5AE2-D3F0-494E-8E94-2CB25C0A33D8}.Release|Any CPU.ActiveCfg = Release|Any CPU
		{95CB5AE2-D3F0-494E-8E94-2CB25C0A33D8}.Release|Any CPU.Build.0 = Release|Any CPU
		{D2C23E12-B8A4-44A2-AF3A-CE4049E64686}.Debug|Any CPU.ActiveCfg = Debug|Any CPU
		{D2C23E12-B8A4-44A2-AF3A-CE4049E64686}.Debug|Any CPU.Build.0 = Debug|Any CPU
		{D2C23E12-B8A4-44A2-AF3A-CE4049E64686}.Release|Any CPU.ActiveCfg = Release|Any CPU
		{D2C23E12-B8A4-44A2-AF3A-CE4049E64686}.Release|Any CPU.Build.0 = Release|Any CPU
		{0CD1A4E4-AC9C-4C11-BA16-774155EC59B0}.Debug|Any CPU.ActiveCfg = Debug|Any CPU
		{0CD1A4E4-AC9C-4C11-BA16-774155EC59B0}.Debug|Any CPU.Build.0 = Debug|Any CPU
		{0CD1A4E4-AC9C-4C11-BA16-774155EC59B0}.Release|Any CPU.ActiveCfg = Release|Any CPU
		{0CD1A4E4-AC9C-4C11-BA16-774155EC59B0}.Release|Any CPU.Build.0 = Release|Any CPU
		{DE4B8C79-0EEA-49C3-9F08-6D45FF7C8318}.Debug|Any CPU.ActiveCfg = Debug|Any CPU
		{DE4B8C79-0EEA-49C3-9F08-6D45FF7C8318}.Debug|Any CPU.Build.0 = Debug|Any CPU
		{DE4B8C79-0EEA-49C3-9F08-6D45FF7C8318}.Release|Any CPU.ActiveCfg = Release|Any CPU
		{DE4B8C79-0EEA-49C3-9F08-6D45FF7C8318}.Release|Any CPU.Build.0 = Release|Any CPU
		{42697983-657A-4DB9-AB74-8A4A46D250C2}.Debug|Any CPU.ActiveCfg = Debug|Any CPU
		{42697983-657A-4DB9-AB74-8A4A46D250C2}.Debug|Any CPU.Build.0 = Debug|Any CPU
		{42697983-657A-4DB9-AB74-8A4A46D250C2}.Release|Any CPU.ActiveCfg = Release|Any CPU
		{42697983-657A-4DB9-AB74-8A4A46D250C2}.Release|Any CPU.Build.0 = Release|Any CPU
	EndGlobalSection
	GlobalSection(SolutionProperties) = preSolution
		HideSolutionNode = FALSE
	EndGlobalSection
	GlobalSection(ExtensibilityGlobals) = postSolution
		SolutionGuid = {9F06C4B2-CD2D-4F94-A511-9BDDD3423D0D}
	EndGlobalSection
EndGlobal
